{
  "object": {
    "pins": [
      {
        "package": "SwiftTools",
        "repositoryURL": "https://github.com/MathieuPerrais/SwiftTools.git",
        "state": {
          "branch": null,
          "revision": "7dc7b54824f7a01b0e18da67dcd1196839b10f44",
          "version": "0.0.2"
        }
      }
    ]
  },
  "version": 1
}
